
Microsoft Visual Studio Solution File, Format Version 12.00
# Visual Studio Version 17
VisualStudioVersion = 17.0.32112.339
MinimumVisualStudioVersion = 10.0.40219.1
Project("{9A19103F-16F7-4668-BE54-9A1E7A4F7556}") = "WinUI_MVVM_Smaple", "WinUI_MVVM_Smaple\WinUI_MVVM_Smaple.csproj", "{9748EB57-E5A6-49C8-9032-B681EE74E415}"
EndProject
Project("{FAE04EC0-301F-11D3-BF4B-00C04F79EFBC}") = "WinUI_Reactive_Sample", "WinUI_Reactive_Sample\WinUI_Reactive_Sample.csproj", "{F075AB76-F0EE-4B5C-9ED8-A971962D2144}"
EndProject
Global
	GlobalSection(SolutionConfigurationPlatforms) = preSolution
		Debug|arm64 = Debug|arm64
		Debug|x64 = Debug|x64
		Debug|x86 = Debug|x86
		Release|arm64 = Release|arm64
		Release|x64 = Release|x64
		Release|x86 = Release|x86
	EndGlobalSection
	GlobalSection(ProjectConfigurationPlatforms) = postSolution
		{9748EB57-E5A6-49C8-9032-B681EE74E415}.Debug|arm64.ActiveCfg = Debug|arm64
		{9748EB57-E5A6-49C8-9032-B681EE74E415}.Debug|arm64.Build.0 = Debug|arm64
		{9748EB57-E5A6-49C8-9032-B681EE74E415}.Debug|arm64.Deploy.0 = Debug|arm64
		{9748EB57-E5A6-49C8-9032-B681EE74E415}.Debug|x64.ActiveCfg = Debug|x64
		{9748EB57-E5A6-49C8-9032-B681EE74E415}.Debug|x64.Build.0 = Debug|x64
		{9748EB57-E5A6-49C8-9032-B681EE74E415}.Debug|x64.Deploy.0 = Debug|x64
		{9748EB57-E5A6-49C8-9032-B681EE74E415}.Debug|x86.ActiveCfg = Debug|x86
		{9748EB57-E5A6-49C8-9032-B681EE74E415}.Debug|x86.Build.0 = Debug|x86
		{9748EB57-E5A6-49C8-9032-B681EE74E415}.Debug|x86.Deploy.0 = Debug|x86
		{9748EB57-E5A6-49C8-9032-B681EE74E415}.Release|arm64.ActiveCfg = Release|arm64
		{9748EB57-E5A6-49C8-9032-B681EE74E415}.Release|arm64.Build.0 = Release|arm64
		{9748EB57-E5A6-49C8-9032-B681EE74E415}.Release|arm64.Deploy.0 = Release|arm64
		{9748EB57-E5A6-49C8-9032-B681EE74E415}.Release|x64.ActiveCfg = Release|x64
		{9748EB57-E5A6-49C8-9032-B681EE74E415}.Release|x64.Build.0 = Release|x64
		{9748EB57-E5A6-49C8-9032-B681EE74E415}.Release|x64.Deploy.0 = Release|x64
		{9748EB57-E5A6-49C8-9032-B681EE74E415}.Release|x86.ActiveCfg = Release|x86
		{9748EB57-E5A6-49C8-9032-B681EE74E415}.Release|x86.Build.0 = Release|x86
		{9748EB57-E5A6-49C8-9032-B681EE74E415}.Release|x86.Deploy.0 = Release|x86
		{F075AB76-F0EE-4B5C-9ED8-A971962D2144}.Debug|arm64.ActiveCfg = Debug|arm64
		{F075AB76-F0EE-4B5C-9ED8-A971962D2144}.Debug|arm64.Build.0 = Debug|arm64
		{F075AB76-F0EE-4B5C-9ED8-A971962D2144}.Debug|arm64.Deploy.0 = Debug|arm64
		{F075AB76-F0EE-4B5C-9ED8-A971962D2144}.Debug|x64.ActiveCfg = Debug|x64
		{F075AB76-F0EE-4B5C-9ED8-A971962D2144}.Debug|x64.Build.0 = Debug|x64
		{F075AB76-F0EE-4B5C-9ED8-A971962D2144}.Debug|x64.Deploy.0 = Debug|x64
		{F075AB76-F0EE-4B5C-9ED8-A971962D2144}.Debug|x86.ActiveCfg = Debug|x86
		{F075AB76-F0EE-4B5C-9ED8-A971962D2144}.Debug|x86.Build.0 = Debug|x86
		{F075AB76-F0EE-4B5C-9ED8-A971962D2144}.Debug|x86.Deploy.0 = Debug|x86
		{F075AB76-F0EE-4B5C-9ED8-A971962D2144}.Release|arm64.ActiveCfg = Release|arm64
		{F075AB76-F0EE-4B5C-9ED8-A971962D2144}.Release|arm64.Build.0 = Release|arm64
		{F075AB76-F0EE-4B5C-9ED8-A971962D2144}.Release|arm64.Deploy.0 = Release|arm64
		{F075AB76-F0EE-4B5C-9ED8-A971962D2144}.Release|x64.ActiveCfg = Release|x64
		{F075AB76-F0EE-4B5C-9ED8-A971962D2144}.Release|x64.Build.0 = Release|x64
		{F075AB76-F0EE-4B5C-9ED8-A971962D2144}.Release|x64.Deploy.0 = Release|x64
		{F075AB76-F0EE-4B5C-9ED8-A971962D2144}.Release|x86.ActiveCfg = Release|x86
		{F075AB76-F0EE-4B5C-9ED8-A971962D2144}.Release|x86.Build.0 = Release|x86
		{F075AB76-F0EE-4B5C-9ED8-A971962D2144}.Release|x86.Deploy.0 = Release|x86
	EndGlobalSection
	GlobalSection(SolutionProperties) = preSolution
		HideSolutionNode = FALSE
	EndGlobalSection
	GlobalSection(ExtensibilityGlobals) = postSolution
		SolutionGuid = {FB33AC8D-D649-47B9-8FC1-3BBA99F69415}
	EndGlobalSection
EndGlobal
